// !$*UTF8*$!
{
	archiveVersion = 1;
	classes = {
	};
	objectVersion = 48;
	objects = {

/* Begin PBXBuildFile section */
		0A8D65D7211A2AFD001D27C2 /* Menu.swift in Sources */ = {isa = PBXBuildFile; fileRef = 0A8D65D6211A2AFD001D27C2 /* Menu.swift */; };
		0A8D65D9211A30FA001D27C2 /* MenuCell.xib in Resources */ = {isa = PBXBuildFile; fileRef = 0A8D65D8211A30FA001D27C2 /* MenuCell.xib */; };
		0A8D65DB211A33A4001D27C2 /* MenuTableViewCell.swift in Sources */ = {isa = PBXBuildFile; fileRef = 0A8D65DA211A33A4001D27C2 /* MenuTableViewCell.swift */; };
		0AD6833721160AC100F36647 /* AppDelegate.swift in Sources */ = {isa = PBXBuildFile; fileRef = 0AD6833621160AC100F36647 /* AppDelegate.swift */; };
		0AD6833921160AC100F36647 /* ViewController.swift in Sources */ = {isa = PBXBuildFile; fileRef = 0AD6833821160AC100F36647 /* ViewController.swift */; };
		0AD6833C21160AC100F36647 /* Main.storyboard in Resources */ = {isa = PBXBuildFile; fileRef = 0AD6833A21160AC100F36647 /* Main.storyboard */; };
		0AD6833E21160AC100F36647 /* Assets.xcassets in Resources */ = {isa = PBXBuildFile; fileRef = 0AD6833D21160AC100F36647 /* Assets.xcassets */; };
		0AD6834121160AC100F36647 /* LaunchScreen.storyboard in Resources */ = {isa = PBXBuildFile; fileRef = 0AD6833F21160AC100F36647 /* LaunchScreen.storyboard */; };
		0AD683492116331C00F36647 /* ArticleTableViewCell.swift in Sources */ = {isa = PBXBuildFile; fileRef = 0AD683482116331C00F36647 /* ArticleTableViewCell.swift */; };
		0AD6834B2116357C00F36647 /* Article.swift in Sources */ = {isa = PBXBuildFile; fileRef = 0AD6834A2116357C00F36647 /* Article.swift */; };
/* End PBXBuildFile section */

/* Begin PBXFileReference section */
		0A8D65D6211A2AFD001D27C2 /* Menu.swift */ = {isa = PBXFileReference; lastKnownFileType = sourcecode.swift; path = Menu.swift; sourceTree = "<group>"; };
		0A8D65D8211A30FA001D27C2 /* MenuCell.xib */ = {isa = PBXFileReference; lastKnownFileType = file.xib; path = MenuCell.xib; sourceTree = "<group>"; };
		0A8D65DA211A33A4001D27C2 /* MenuTableViewCell.swift */ = {isa = PBXFileReference; lastKnownFileType = sourcecode.swift; path = MenuTableViewCell.swift; sourceTree = "<group>"; };
		0AD6833321160AC100F36647 /* NewsApp.app */ = {isa = PBXFileReference; explicitFileType = wrapper.application; includeInIndex = 0; path = NewsApp.app; sourceTree = BUILT_PRODUCTS_DIR; };
		0AD6833621160AC100F36647 /* AppDelegate.swift */ = {isa = PBXFileReference; lastKnownFileType = sourcecode.swift; path = AppDelegate.swift; sourceTree = "<group>"; };
		0AD6833821160AC100F36647 /* ViewController.swift */ = {isa = PBXFileReference; lastKnownFileType = sourcecode.swift; path = ViewController.swift; sourceTree = "<group>"; };
		0AD6833B21160AC100F36647 /* Base */ = {isa = PBXFileReference; lastKnownFileType = file.storyboard; name = Base; path = Base.lproj/Main.storyboard; sourceTree = "<group>"; };
		0AD6833D21160AC100F36647 /* Assets.xcassets */ = {isa = PBXFileReference; lastKnownFileType = folder.assetcatalog; path = Assets.xcassets; sourceTree = "<group>"; };
		0AD6834021160AC100F36647 /* Base */ = {isa = PBXFileReference; lastKnownFileType = file.storyboard; name = Base; path = Base.lproj/LaunchScreen.storyboard; sourceTree = "<group>"; };
		0AD6834221160AC100F36647 /* Info.plist */ = {isa = PBXFileReference; lastKnownFileType = text.plist.xml; path = Info.plist; sourceTree = "<group>"; };
		0AD683482116331C00F36647 /* ArticleTableViewCell.swift */ = {isa = PBXFileReference; lastKnownFileType = sourcecode.swift; path = ArticleTableViewCell.swift; sourceTree = "<group>"; };
		0AD6834A2116357C00F36647 /* Article.swift */ = {isa = PBXFileReference; lastKnownFileType = sourcecode.swift; path = Article.swift; sourceTree = "<group>"; };
/* End PBXFileReference section */

/* Begin PBXFrameworksBuildPhase section */
		0AD6833021160AC100F36647 /* Frameworks */ = {
			isa = PBXFrameworksBuildPhase;
			buildActionMask = 2147483647;
			files = (
			);
			runOnlyForDeploymentPostprocessing = 0;
		};
/* End PBXFrameworksBuildPhase section */

/* Begin PBXGroup section */
		0AD6832A21160AC100F36647 = {
			isa = PBXGroup;
			children = (
				0AD6833521160AC100F36647 /* NewsApp */,
				0AD6833421160AC100F36647 /* Products */,
			);
			sourceTree = "<group>";
		};
		0AD6833421160AC100F36647 /* Products */ = {
			isa = PBXGroup;
			children = (
				0AD6833321160AC100F36647 /* NewsApp.app */,
			);
			name = Products;
			sourceTree = "<group>";
		};
		0AD6833521160AC100F36647 /* NewsApp */ = {
			isa = PBXGroup;
			children = (
				0AD6833621160AC100F36647 /* AppDelegate.swift */,
				0AD6833821160AC100F36647 /* ViewController.swift */,
				0AD683482116331C00F36647 /* ArticleTableViewCell.swift */,
				0AD6834A2116357C00F36647 /* Article.swift */,
				0A8D65DA211A33A4001D27C2 /* MenuTableViewCell.swift */,
				0A8D65D6211A2AFD001D27C2 /* Menu.swift */,
				0A8D65D8211A30FA001D27C2 /* MenuCell.xib */,
				0AD6833A21160AC100F36647 /* Main.storyboard */,
				0AD6833D21160AC100F36647 /* Assets.xcassets */,
				0AD6833F21160AC100F36647 /* LaunchScreen.storyboard */,
				0AD6834221160AC100F36647 /* Info.plist */,
			);
			path = NewsApp;
			sourceTree = "<group>";
		};
/* End PBXGroup section */

/* Begin PBXNativeTarget section */
		0AD6833221160AC100F36647 /* NewsApp */ = {
			isa = PBXNativeTarget;
			buildConfigurationList = 0AD6834521160AC100F36647 /* Build configuration list for PBXNativeTarget "NewsApp" */;
			buildPhases = (
				0AD6832F21160AC100F36647 /* Sources */,
				0AD6833021160AC100F36647 /* Frameworks */,
				0AD6833121160AC100F36647 /* Resources */,
			);
			buildRules = (
			);
			dependencies = (
			);
			name = NewsApp;
			productName = NewsApp;
			productReference = 0AD6833321160AC100F36647 /* NewsApp.app */;
			productType = "com.apple.product-type.application";
		};
/* End PBXNativeTarget section */

/* Begin PBXProject section */
		0AD6832B21160AC100F36647 /* Project object */ = {
			isa = PBXProject;
			attributes = {
				LastSwiftUpdateCheck = 0920;
				LastUpgradeCheck = 0920;
				ORGANIZATIONNAME = "Dmitry Reshetnik";
				TargetAttributes = {
					0AD6833221160AC100F36647 = {
						CreatedOnToolsVersion = 9.2;
						ProvisioningStyle = Automatic;
					};
				};
			};
			buildConfigurationList = 0AD6832E21160AC100F36647 /* Build configuration list for PBXProject "NewsApp" */;
			compatibilityVersion = "Xcode 8.0";
			developmentRegion = en;
			hasScannedForEncodings = 0;
			knownRegions = (
				en,
				Base,
			);
			mainGroup = 0AD6832A21160AC100F36647;
			productRefGroup = 0AD6833421160AC100F36647 /* Products */;
			projectDirPath = "";
			projectRoot = "";
			targets = (
				0AD6833221160AC100F36647 /* NewsApp */,
			);
		};
/* End PBXProject section */

/* Begin PBXResourcesBuildPhase section */
		0AD6833121160AC100F36647 /* Resources */ = {
			isa = PBXResourcesBuildPhase;
			buildActionMask = 2147483647;
			files = (
				0AD6834121160AC100F36647 /* LaunchScreen.storyboard in Resources */,
				0AD6833E21160AC100F36647 /* Assets.xcassets in Resources */,
				0A8D65D9211A30FA001D27C2 /* MenuCell.xib in Resources */,
				0AD6833C21160AC100F36647 /* Main.storyboard in Resources */,
			);
			runOnlyForDeploymentPostprocessing = 0;
		};
/* End PBXResourcesBuildPhase section */

/* Begin PBXSourcesBuildPhase section */
		0AD6832F21160AC100F36647 /* Sources */ = {
			isa = PBXSourcesBuildPhase;
			buildActionMask = 2147483647;
			files = (
				0AD6834B2116357C00F36647 /* Article.swift in Sources */,
				0AD6833921160AC100F36647 /* ViewController.swift in Sources */,
				0A8D65DB211A33A4001D27C2 /* MenuTableViewCell.swift in Sources */,
				0AD683492116331C00F36647 /* ArticleTableViewCell.swift in Sources */,
				0AD6833721160AC100F36647 /* AppDelegate.swift in Sources */,
				0A8D65D7211A2AFD001D27C2 /* Menu.swift in Sources */,
			);
			runOnlyForDeploymentPostprocessing = 0;
		};
/* End PBXSourcesBuildPhase section */

/* Begin PBXVariantGroup section */
		0AD6833A21160AC100F36647 /* Main.storyboard */ = {
			isa = PBXVariantGroup;
			children = (
				0AD6833B21160AC100F36647 /* Base */,
			);
			name = Main.storyboard;
			sourceTree = "<group>";
		};
		0AD6833F21160AC100F36647 /* LaunchScreen.storyboard */ = {
			isa = PBXVariantGroup;
			children = (
				0AD6834021160AC100F36647 /* Base */,
			);
			name = LaunchScreen.storyboard;
			sourceTree = "<group>";
		};
/* End PBXVariantGroup section */

/* Begin XCBuildConfiguration section */
		0AD6834321160AC100F36647 /* Debug */ = {
			isa = XCBuildConfiguration;
			buildSettings = {
				ALWAYS_SEARCH_USER_PATHS = NO;
				CLANG_ANALYZER_NONNULL = YES;
				CLANG_ANALYZER_NUMBER_OBJECT_CONVERSION = YES_AGGRESSIVE;
				CLANG_CXX_LANGUAGE_STANDARD = "gnu++14";
				CLANG_CXX_LIBRARY = "libc++";
				CLANG_ENABLE_MODULES = YES;
				CLANG_ENABLE_OBJC_ARC = YES;
				CLANG_WARN_BLOCK_CAPTURE_AUTORELEASING = YES;
				CLANG_WARN_BOOL_CONVERSION = YES;
				CLANG_WARN_COMMA = YES;
				CLANG_WARN_CONSTANT_CONVERSION = YES;
				CLANG_WARN_DIRECT_OBJC_ISA_USAGE = YES_ERROR;
				CLANG_WARN_DOCUMENTATION_COMMENTS = YES;
				CLANG_WARN_EMPTY_BODY = YES;
				CLANG_WARN_ENUM_CONVERSION = YES;
				CLANG_WARN_INFINITE_RECURSION = YES;
				CLANG_WARN_INT_CONVERSION = YES;
				CLANG_WARN_NON_LITERAL_NULL_CONVERSION = YES;
				CLANG_WARN_OBJC_LITERAL_CONVERSION = YES;
				CLANG_WARN_OBJC_ROOT_CLASS = YES_ERROR;
				CLANG_WARN_RANGE_LOOP_ANALYSIS = YES;
				CLANG_WARN_STRICT_PROTOTYPES = YES;
				CLANG_WARN_SUSPICIOUS_MOVE = YES;
				CLANG_WARN_UNGUARDED_AVAILABILITY = YES_AGGRESSIVE;
				CLANG_WARN_UNREACHABLE_CODE = YES;
				CLANG_WARN__DUPLICATE_METHOD_MATCH = YES;
				CODE_SIGN_IDENTITY = "iPhone Developer";
				COPY_PHASE_STRIP = NO;
				DEBUG_INFORMATION_FORMAT = dwarf;
				ENABLE_STRICT_OBJC_MSGSEND = YES;
				ENABLE_TESTABILITY = YES;
				GCC_C_LANGUAGE_STANDARD = gnu11;
				GCC_DYNAMIC_NO_PIC = NO;
				GCC_NO_COMMON_BLOCKS = YES;
				GCC_OPTIMIZATION_LEVEL = 0;
				GCC_PREPROCESSOR_DEFINITIONS = (
					"DEBUG=1",
					"$(inherited)",
				);
				GCC_WARN_64_TO_32_BIT_CONVERSION = YES;
				GCC_WARN_ABOUT_RETURN_TYPE = YES_ERROR;
				GCC_WARN_UNDECLARED_SELECTOR = YES;
				GCC_WARN_UNINITIALIZED_AUTOS = YES_AGGRESSIVE;
				GCC_WARN_UNUSED_FUNCTION = YES;
				GCC_WARN_UNUSED_VARIABLE = YES;
				IPHONEOS_DEPLOYMENT_TARGET = 11.2;
				MTL_ENABLE_DEBUG_INFO = YES;
				ONLY_ACTIVE_ARCH = YES;
				SDKROOT = iphoneos;
				SWIFT_ACTIVE_COMPILATION_CONDITIONS = DEBUG;
				SWIFT_OPTIMIZATION_LEVEL = "-Onone";
			};
			name = Debug;
		};
		0AD6834421160AC100F36647 /* Release */ = {
			isa = XCBuildConfiguration;
			buildSettings = {
				ALWAYS_SEARCH_USER_PATHS = NO;
				CLANG_ANALYZER_NONNULL = YES;
				CLANG_ANALYZER_NUMBER_OBJECT_CONVERSION = YES_AGGRESSIVE;
				CLANG_CXX_LANGUAGE_STANDARD = "gnu++14";
				CLANG_CXX_LIBRARY = "libc++";
				CLANG_ENABLE_MODULES = YES;
				CLANG_ENABLE_OBJC_ARC = YES;
				CLANG_WARN_BLOCK_CAPTURE_AUTORELEASING = YES;
				CLANG_WARN_BOOL_CONVERSION = YES;
				CLANG_WARN_COMMA = YES;
				CLANG_WARN_CONSTANT_CONVERSION = YES;
				CLANG_WARN_DIRECT_OBJC_ISA_USAGE = YES_ERROR;
				CLANG_WARN_DOCUMENTATION_COMMENTS = YES;
				CLANG_WARN_EMPTY_BODY = YES;
				CLANG_WARN_ENUM_CONVERSION = YES;
				CLANG_WARN_INFINITE_RECURSION = YES;
				CLANG_WARN_INT_CONVERSION = YES;
				CLANG_WARN_NON_LITERAL_NULL_CONVERSION = YES;
				CLANG_WARN_OBJC_LITERAL_CONVERSION = YES;
				CLANG_WARN_OBJC_ROOT_CLASS = YES_ERROR;
				CLANG_WARN_RANGE_LOOP_ANALYSIS = YES;
				CLANG_WARN_STRICT_PROTOTYPES = YES;
				CLANG_WARN_SUSPICIOUS_MOVE = YES;
				CLANG_WARN_UNGUARDED_AVAILABILITY = YES_AGGRESSIVE;
				CLANG_WARN_UNREACHABLE_CODE = YES;
				CLANG_WARN__DUPLICATE_METHOD_MATCH = YES;
				CODE_SIGN_IDENTITY = "iPhone Developer";
				COPY_PHASE_STRIP = NO;
				DEBUG_INFORMATION_FORMAT = "dwarf-with-dsym";
				ENABLE_NS_ASSERTIONS = NO;
				ENABLE_STRICT_OBJC_MSGSEND = YES;
				GCC_C_LANGUAGE_STANDARD = gnu11;
				GCC_NO_COMMON_BLOCKS = YES;
				GCC_WARN_64_TO_32_BIT_CONVERSION = YES;
				GCC_WARN_ABOUT_RETURN_TYPE = YES_ERROR;
				GCC_WARN_UNDECLARED_SELECTOR = YES;
				GCC_WARN_UNINITIALIZED_AUTOS = YES_AGGRESSIVE;
				GCC_WARN_UNUSED_FUNCTION = YES;
				GCC_WARN_UNUSED_VARIABLE = YES;
				IPHONEOS_DEPLOYMENT_TARGET = 11.2;
				MTL_ENABLE_DEBUG_INFO = NO;
				SDKROOT = iphoneos;
				SWIFT_OPTIMIZATION_LEVEL = "-Owholemodule";
				VALIDATE_PRODUCT = YES;
			};
			name = Release;
		};
		0AD6834621160AC100F36647 /* Debug */ = {
			isa = XCBuildConfiguration;
			buildSettings = {
				ASSETCATALOG_COMPILER_APPICON_NAME = AppIcon;
				CODE_SIGN_STYLE = Automatic;
				DEVELOPMENT_TEAM = 36JR7N2LBE;
				INFOPLIST_FILE = NewsApp/Info.plist;
				IPHONEOS_DEPLOYMENT_TARGET = 10.0;
				LD_RUNPATH_SEARCH_PATHS = "$(inherited) @executable_path/Frameworks";
				PRODUCT_BUNDLE_IDENTIFIER = com.thinkofsomethingclever.NewsApp;
				PRODUCT_NAME = "$(TARGET_NAME)";
				SWIFT_VERSION = 4.0;
				TARGETED_DEVICE_FAMILY = 1;
			};
			name = Debug;
		};
		0AD6834721160AC100F36647 /* Release */ = {
			isa = XCBuildConfiguration;
			buildSettings = {
				ASSETCATALOG_COMPILER_APPICON_NAME = AppIcon;
				CODE_SIGN_STYLE = Automatic;
				DEVELOPMENT_TEAM = 36JR7N2LBE;
				INFOPLIST_FILE = NewsApp/Info.plist;
				IPHONEOS_DEPLOYMENT_TARGET = 10.0;
				LD_RUNPATH_SEARCH_PATHS = "$(inherited) @executable_path/Frameworks";
				PRODUCT_BUNDLE_IDENTIFIER = com.thinkofsomethingclever.NewsApp;
				PRODUCT_NAME = "$(TARGET_NAME)";
				SWIFT_VERSION = 4.0;
				TARGETED_DEVICE_FAMILY = 1;
			};
			name = Release;
		};
/* End XCBuildConfiguration section */

/* Begin XCConfigurationList section */
		0AD6832E21160AC100F36647 /* Build configuration list for PBXProject "NewsApp" */ = {
			isa = XCConfigurationList;
			buildConfigurations = (
				0AD6834321160AC100F36647 /* Debug */,
				0AD6834421160AC100F36647 /* Release */,
			);
			defaultConfigurationIsVisible = 0;
			defaultConfigurationName = Release;
		};
		0AD6834521160AC100F36647 /* Build configuration list for PBXNativeTarget "NewsApp" */ = {
			isa = XCConfigurationList;
			buildConfigurations = (
				0AD6834621160AC100F36647 /* Debug */,
				0AD6834721160AC100F36647 /* Release */,
			);
			defaultConfigurationIsVisible = 0;
			defaultConfigurationName = Release;
		};
/* End XCConfigurationList section */
	};
	rootObject = 0AD6832B21160AC100F36647 /* Project object */;
}
